
Microsoft Visual Studio Solution File, Format Version 12.00
# Visual Studio Version 17
VisualStudioVersion = 17.5.002.0
MinimumVisualStudioVersion = 10.0.40219.1
Project("{9A19103F-16F7-4668-BE54-9A1E7A4F7556}") = "Interactive_Floor", "Interactive_Floor.csproj", "{34262DD8-1323-43DF-85CD-ADD9E86475EA}"
EndProject
Global
	GlobalSection(SolutionConfigurationPlatforms) = preSolution
		Debug|Any CPU = Debug|Any CPU
		Release|Any CPU = Release|Any CPU
	EndGlobalSection
	GlobalSection(ProjectConfigurationPlatforms) = postSolution
		{34262DD8-1323-43DF-85CD-ADD9E86475EA}.Debug|Any CPU.ActiveCfg = Debug|Any CPU
		{34262DD8-1323-43DF-85CD-ADD9E86475EA}.Debug|Any CPU.Build.0 = Debug|Any CPU
		{34262DD8-1323-43DF-85CD-ADD9E86475EA}.Release|Any CPU.ActiveCfg = Release|Any CPU
		{34262DD8-1323-43DF-85CD-ADD9E86475EA}.Release|Any CPU.Build.0 = Release|Any CPU
	EndGlobalSection
	GlobalSection(SolutionProperties) = preSolution
		HideSolutionNode = FALSE
	EndGlobalSection
	GlobalSection(ExtensibilityGlobals) = postSolution
		SolutionGuid = {77C10303-2838-4FFB-B3C8-2C6BADB13192}
	EndGlobalSection
EndGlobal
